
Microsoft Visual Studio Solution File, Format Version 12.00
# Visual Studio Version 16
VisualStudioVersion = 16.0.30204.135
MinimumVisualStudioVersion = 10.0.40219.1
Project("{9A19103F-16F7-4668-BE54-9A1E7A4F7556}") = "Centrifuge.Client", "Centrifuge.Client\Centrifuge.Client.csproj", "{72F0D18C-44B9-4F85-82F8-0F3CDF0001F1}"
EndProject
Project("{FAE04EC0-301F-11D3-BF4B-00C04F79EFBC}") = "Centrifuge.Client.Demo", "Centrifuge.Client.Demo\Centrifuge.Client.Demo.csproj", "{8876534E-F1C2-4C7F-8260-53CD9EB3E19B}"
EndProject
Global
	GlobalSection(SolutionConfigurationPlatforms) = preSolution
		Debug|Any CPU = Debug|Any CPU
		Release|Any CPU = Release|Any CPU
	EndGlobalSection
	GlobalSection(ProjectConfigurationPlatforms) = postSolution
		{72F0D18C-44B9-4F85-82F8-0F3CDF0001F1}.Debug|Any CPU.ActiveCfg = Debug|Any CPU
		{72F0D18C-44B9-4F85-82F8-0F3CDF0001F1}.Debug|Any CPU.Build.0 = Debug|Any CPU
		{72F0D18C-44B9-4F85-82F8-0F3CDF0001F1}.Release|Any CPU.ActiveCfg = Release|Any CPU
		{72F0D18C-44B9-4F85-82F8-0F3CDF0001F1}.Release|Any CPU.Build.0 = Release|Any CPU
		{8876534E-F1C2-4C7F-8260-53CD9EB3E19B}.Debug|Any CPU.ActiveCfg = Debug|Any CPU
		{8876534E-F1C2-4C7F-8260-53CD9EB3E19B}.Debug|Any CPU.Build.0 = Debug|Any CPU
		{8876534E-F1C2-4C7F-8260-53CD9EB3E19B}.Release|Any CPU.ActiveCfg = Release|Any CPU
		{8876534E-F1C2-4C7F-8260-53CD9EB3E19B}.Release|Any CPU.Build.0 = Release|Any CPU
	EndGlobalSection
	GlobalSection(SolutionProperties) = preSolution
		HideSolutionNode = FALSE
	EndGlobalSection
	GlobalSection(ExtensibilityGlobals) = postSolution
		SolutionGuid = {8C634327-07EE-48C5-ADDF-B9A0303BFEDD}
	EndGlobalSection
EndGlobal
